// !$*UTF8*$!
{
	archiveVersion = 1;
	classes = {
	};
	objectVersion = 51;
	objects = {

/* Begin PBXBuildFile section */
		2206D6382629B1F800FB50F5 /* NewsService.swift in Sources */ = {isa = PBXBuildFile; fileRef = 2206D6372629B1F800FB50F5 /* NewsService.swift */; };
		2206D6412629CEF400FB50F5 /* NewsViewController.swift in Sources */ = {isa = PBXBuildFile; fileRef = 2206D6402629CEF400FB50F5 /* NewsViewController.swift */; };
		2206D6462629D8AA00FB50F5 /* HighlightsCollectionViewCell.swift in Sources */ = {isa = PBXBuildFile; fileRef = 2206D6452629D8AA00FB50F5 /* HighlightsCollectionViewCell.swift */; };
		2206D64B2629E27200FB50F5 /* News.swift in Sources */ = {isa = PBXBuildFile; fileRef = 2206D64A2629E27200FB50F5 /* News.swift */; };
		2206D65A262A1BDC00FB50F5 /* CollectionHighlights.swift in Sources */ = {isa = PBXBuildFile; fileRef = 2206D659262A1BDC00FB50F5 /* CollectionHighlights.swift */; };
		2259299C26270EDD00791DEC /* UserViewController.swift in Sources */ = {isa = PBXBuildFile; fileRef = 2259299B26270EDD00791DEC /* UserViewController.swift */; };
		225929A1262714F800791DEC /* User.swift in Sources */ = {isa = PBXBuildFile; fileRef = 225929A0262714F800791DEC /* User.swift */; };
		225929A826271B3300791DEC /* MSTextField.swift in Sources */ = {isa = PBXBuildFile; fileRef = 225929A726271B3300791DEC /* MSTextField.swift */; };
		225929B126271E2000791DEC /* MSTextFieldPressetProtocol.swift in Sources */ = {isa = PBXBuildFile; fileRef = 225929B026271E2000791DEC /* MSTextFieldPressetProtocol.swift */; };
		225929C62627294D00791DEC /* DefaultTextField.swift in Sources */ = {isa = PBXBuildFile; fileRef = 225929C52627294D00791DEC /* DefaultTextField.swift */; };
		225929CE2627370200791DEC /* TextFieldConstants.swift in Sources */ = {isa = PBXBuildFile; fileRef = 225929CD2627370200791DEC /* TextFieldConstants.swift */; };
		225929D6262745B700791DEC /* UserViewModel.swift in Sources */ = {isa = PBXBuildFile; fileRef = 225929D5262745B700791DEC /* UserViewModel.swift */; };
		225929E72627861500791DEC /* UserService.swift in Sources */ = {isa = PBXBuildFile; fileRef = 225929E62627861500791DEC /* UserService.swift */; };
		229AD4C7262655BA006915C1 /* AppDelegate.swift in Sources */ = {isa = PBXBuildFile; fileRef = 229AD4C6262655BA006915C1 /* AppDelegate.swift */; };
		229AD4C9262655BA006915C1 /* SceneDelegate.swift in Sources */ = {isa = PBXBuildFile; fileRef = 229AD4C8262655BA006915C1 /* SceneDelegate.swift */; };
		229AD4CB262655BA006915C1 /* LoginViewController.swift in Sources */ = {isa = PBXBuildFile; fileRef = 229AD4CA262655BA006915C1 /* LoginViewController.swift */; };
		229AD4CE262655BA006915C1 /* Main.storyboard in Resources */ = {isa = PBXBuildFile; fileRef = 229AD4CC262655BA006915C1 /* Main.storyboard */; };
		229AD4D0262655BB006915C1 /* Assets.xcassets in Resources */ = {isa = PBXBuildFile; fileRef = 229AD4CF262655BB006915C1 /* Assets.xcassets */; };
		229AD4D3262655BB006915C1 /* LaunchScreen.storyboard in Resources */ = {isa = PBXBuildFile; fileRef = 229AD4D1262655BB006915C1 /* LaunchScreen.storyboard */; };
		229AD4DE262655BB006915C1 /* MesaNewsTests.swift in Sources */ = {isa = PBXBuildFile; fileRef = 229AD4DD262655BB006915C1 /* MesaNewsTests.swift */; };
		229AD4E9262655BB006915C1 /* MesaNewsUITests.swift in Sources */ = {isa = PBXBuildFile; fileRef = 229AD4E8262655BB006915C1 /* MesaNewsUITests.swift */; };
		22AE57282627A6280058D672 /* Token.swift in Sources */ = {isa = PBXBuildFile; fileRef = 22AE57272627A6280058D672 /* Token.swift */; };
		22AE572E2627AF670058D672 /* UserViewControllerDelegate.swift in Sources */ = {isa = PBXBuildFile; fileRef = 22AE572D2627AF670058D672 /* UserViewControllerDelegate.swift */; };
		22AE574B2627BC560058D672 /* ServiceConstants.swift in Sources */ = {isa = PBXBuildFile; fileRef = 22AE574A2627BC560058D672 /* ServiceConstants.swift */; };
		22C24035262C99D20048072C /* UserViewModelTests.swift in Sources */ = {isa = PBXBuildFile; fileRef = 22C24034262C99D20048072C /* UserViewModelTests.swift */; };
		22C2403D262C9E1B0048072C /* LoginViewModelTests.swift in Sources */ = {isa = PBXBuildFile; fileRef = 22C2403C262C9E1B0048072C /* LoginViewModelTests.swift */; };
		22CA3497262C76DC00A39E69 /* ChangeIconProtocol.swift in Sources */ = {isa = PBXBuildFile; fileRef = 22CA3496262C76DC00A39E69 /* ChangeIconProtocol.swift */; };
		22D118C426286937007A2F8B /* Login.swift in Sources */ = {isa = PBXBuildFile; fileRef = 22D118C326286937007A2F8B /* Login.swift */; };
		22D118C926286AEC007A2F8B /* LoginService.swift in Sources */ = {isa = PBXBuildFile; fileRef = 22D118C826286AEC007A2F8B /* LoginService.swift */; };
		22D118CE262880F8007A2F8B /* LoginViewModel.swift in Sources */ = {isa = PBXBuildFile; fileRef = 22D118CD262880F8007A2F8B /* LoginViewModel.swift */; };
		22D118D426289032007A2F8B /* Utils.swift in Sources */ = {isa = PBXBuildFile; fileRef = 22D118D326289032007A2F8B /* Utils.swift */; };
		22D118DC2628ADCB007A2F8B /* UIViewController+extensions.swift in Sources */ = {isa = PBXBuildFile; fileRef = 22D118DB2628ADCB007A2F8B /* UIViewController+extensions.swift */; };
		22D118E12628B81E007A2F8B /* LoginViewControllerDelegate.swift in Sources */ = {isa = PBXBuildFile; fileRef = 22D118E02628B81E007A2F8B /* LoginViewControllerDelegate.swift */; };
		22EB6E25262B20F500AF9D91 /* HighlightsVewModel.swift in Sources */ = {isa = PBXBuildFile; fileRef = 22EB6E24262B20F500AF9D91 /* HighlightsVewModel.swift */; };
		22EB6E2D262B22EA00AF9D91 /* HighlightsViewControllerDelegate.swift in Sources */ = {isa = PBXBuildFile; fileRef = 22EB6E2C262B22EA00AF9D91 /* HighlightsViewControllerDelegate.swift */; };
		22EB6E3B262B4B2300AF9D91 /* Pagination.swift in Sources */ = {isa = PBXBuildFile; fileRef = 22EB6E3A262B4B2300AF9D91 /* Pagination.swift */; };
		22EB6E40262B508F00AF9D91 /* CollectionNews.swift in Sources */ = {isa = PBXBuildFile; fileRef = 22EB6E3F262B508F00AF9D91 /* CollectionNews.swift */; };
		22EB6E45262B616700AF9D91 /* NewsTableViewCell.swift in Sources */ = {isa = PBXBuildFile; fileRef = 22EB6E44262B616700AF9D91 /* NewsTableViewCell.swift */; };
		22EB6E4D262B719700AF9D91 /* NewsViewModel.swift in Sources */ = {isa = PBXBuildFile; fileRef = 22EB6E4C262B719700AF9D91 /* NewsViewModel.swift */; };
		22EB6E52262B752200AF9D91 /* NewsViewControllerDelegate.swift in Sources */ = {isa = PBXBuildFile; fileRef = 22EB6E51262B752200AF9D91 /* NewsViewControllerDelegate.swift */; };
		22EB6E57262B8EE200AF9D91 /* ImageDelegate.swift in Sources */ = {isa = PBXBuildFile; fileRef = 22EB6E56262B8EE200AF9D91 /* ImageDelegate.swift */; };
		22EB6E5C262B982100AF9D91 /* CellDelegate.swift in Sources */ = {isa = PBXBuildFile; fileRef = 22EB6E5B262B982100AF9D91 /* CellDelegate.swift */; };
		705626B9573BAFD679C810E6 /* Pods_MesaNewsTests.framework in Frameworks */ = {isa = PBXBuildFile; fileRef = 54AD01E8E4739EF0C332F220 /* Pods_MesaNewsTests.framework */; };
		9D794D66B50C5735D4696CEF /* Pods_MesaNews.framework in Frameworks */ = {isa = PBXBuildFile; fileRef = 45CB1BE4C997900E8E66881C /* Pods_MesaNews.framework */; };
		C61E1C71E60FA4C31F8D82B8 /* Pods_MesaNews_MesaNewsUITests.framework in Frameworks */ = {isa = PBXBuildFile; fileRef = C7FCEA5E6E5AD7BE129C8FB5 /* Pods_MesaNews_MesaNewsUITests.framework */; };
/* End PBXBuildFile section */

/* Begin PBXContainerItemProxy section */
		229AD4DA262655BB006915C1 /* PBXContainerItemProxy */ = {
			isa = PBXContainerItemProxy;
			containerPortal = 229AD4BB262655BA006915C1 /* Project object */;
			proxyType = 1;
			remoteGlobalIDString = 229AD4C2262655BA006915C1;
			remoteInfo = MesaNews;
		};
		229AD4E5262655BB006915C1 /* PBXContainerItemProxy */ = {
			isa = PBXContainerItemProxy;
			containerPortal = 229AD4BB262655BA006915C1 /* Project object */;
			proxyType = 1;
			remoteGlobalIDString = 229AD4C2262655BA006915C1;
			remoteInfo = MesaNews;
		};
/* End PBXContainerItemProxy section */

/* Begin PBXFileReference section */
		2206D6372629B1F800FB50F5 /* NewsService.swift */ = {isa = PBXFileReference; lastKnownFileType = sourcecode.swift; path = NewsService.swift; sourceTree = "<group>"; };
		2206D6402629CEF400FB50F5 /* NewsViewController.swift */ = {isa = PBXFileReference; lastKnownFileType = sourcecode.swift; path = NewsViewController.swift; sourceTree = "<group>"; };
		2206D6452629D8AA00FB50F5 /* HighlightsCollectionViewCell.swift */ = {isa = PBXFileReference; lastKnownFileType = sourcecode.swift; path = HighlightsCollectionViewCell.swift; sourceTree = "<group>"; };
		2206D64A2629E27200FB50F5 /* News.swift */ = {isa = PBXFileReference; lastKnownFileType = sourcecode.swift; path = News.swift; sourceTree = "<group>"; };
		2206D659262A1BDC00FB50F5 /* CollectionHighlights.swift */ = {isa = PBXFileReference; lastKnownFileType = sourcecode.swift; path = CollectionHighlights.swift; sourceTree = "<group>"; };
		22540C3AC530A71528BB5E59 /* Pods-MesaNews.debug.xcconfig */ = {isa = PBXFileReference; includeInIndex = 1; lastKnownFileType = text.xcconfig; name = "Pods-MesaNews.debug.xcconfig"; path = "Target Support Files/Pods-MesaNews/Pods-MesaNews.debug.xcconfig"; sourceTree = "<group>"; };
		2259299B26270EDD00791DEC /* UserViewController.swift */ = {isa = PBXFileReference; lastKnownFileType = sourcecode.swift; path = UserViewController.swift; sourceTree = "<group>"; };
		225929A0262714F800791DEC /* User.swift */ = {isa = PBXFileReference; lastKnownFileType = sourcecode.swift; path = User.swift; sourceTree = "<group>"; };
		225929A726271B3300791DEC /* MSTextField.swift */ = {isa = PBXFileReference; lastKnownFileType = sourcecode.swift; path = MSTextField.swift; sourceTree = "<group>"; };
		225929B026271E2000791DEC /* MSTextFieldPressetProtocol.swift */ = {isa = PBXFileReference; lastKnownFileType = sourcecode.swift; path = MSTextFieldPressetProtocol.swift; sourceTree = "<group>"; };
		225929C52627294D00791DEC /* DefaultTextField.swift */ = {isa = PBXFileReference; lastKnownFileType = sourcecode.swift; path = DefaultTextField.swift; sourceTree = "<group>"; };
		225929CD2627370200791DEC /* TextFieldConstants.swift */ = {isa = PBXFileReference; lastKnownFileType = sourcecode.swift; path = TextFieldConstants.swift; sourceTree = "<group>"; };
		225929D5262745B700791DEC /* UserViewModel.swift */ = {isa = PBXFileReference; lastKnownFileType = sourcecode.swift; path = UserViewModel.swift; sourceTree = "<group>"; };
		225929E62627861500791DEC /* UserService.swift */ = {isa = PBXFileReference; lastKnownFileType = sourcecode.swift; path = UserService.swift; sourceTree = "<group>"; };
		229AD4C3262655BA006915C1 /* MesaNews.app */ = {isa = PBXFileReference; explicitFileType = wrapper.application; includeInIndex = 0; path = MesaNews.app; sourceTree = BUILT_PRODUCTS_DIR; };
		229AD4C6262655BA006915C1 /* AppDelegate.swift */ = {isa = PBXFileReference; lastKnownFileType = sourcecode.swift; path = AppDelegate.swift; sourceTree = "<group>"; };
		229AD4C8262655BA006915C1 /* SceneDelegate.swift */ = {isa = PBXFileReference; lastKnownFileType = sourcecode.swift; path = SceneDelegate.swift; sourceTree = "<group>"; };
		229AD4CA262655BA006915C1 /* LoginViewController.swift */ = {isa = PBXFileReference; lastKnownFileType = sourcecode.swift; path = LoginViewController.swift; sourceTree = "<group>"; };
		229AD4CD262655BA006915C1 /* Base */ = {isa = PBXFileReference; lastKnownFileType = file.storyboard; name = Base; path = Base.lproj/Main.storyboard; sourceTree = "<group>"; };
		229AD4CF262655BB006915C1 /* Assets.xcassets */ = {isa = PBXFileReference; lastKnownFileType = folder.assetcatalog; path = Assets.xcassets; sourceTree = "<group>"; };
		229AD4D2262655BB006915C1 /* Base */ = {isa = PBXFileReference; lastKnownFileType = file.storyboard; name = Base; path = Base.lproj/LaunchScreen.storyboard; sourceTree = "<group>"; };
		229AD4D4262655BB006915C1 /* Info.plist */ = {isa = PBXFileReference; lastKnownFileType = text.plist.xml; path = Info.plist; sourceTree = "<group>"; };
		229AD4D9262655BB006915C1 /* MesaNewsTests.xctest */ = {isa = PBXFileReference; explicitFileType = wrapper.cfbundle; includeInIndex = 0; path = MesaNewsTests.xctest; sourceTree = BUILT_PRODUCTS_DIR; };
		229AD4DD262655BB006915C1 /* MesaNewsTests.swift */ = {isa = PBXFileReference; lastKnownFileType = sourcecode.swift; path = MesaNewsTests.swift; sourceTree = "<group>"; };
		229AD4DF262655BB006915C1 /* Info.plist */ = {isa = PBXFileReference; lastKnownFileType = text.plist.xml; path = Info.plist; sourceTree = "<group>"; };
		229AD4E4262655BB006915C1 /* MesaNewsUITests.xctest */ = {isa = PBXFileReference; explicitFileType = wrapper.cfbundle; includeInIndex = 0; path = MesaNewsUITests.xctest; sourceTree = BUILT_PRODUCTS_DIR; };
		229AD4E8262655BB006915C1 /* MesaNewsUITests.swift */ = {isa = PBXFileReference; lastKnownFileType = sourcecode.swift; path = MesaNewsUITests.swift; sourceTree = "<group>"; };
		229AD4EA262655BB006915C1 /* Info.plist */ = {isa = PBXFileReference; lastKnownFileType = text.plist.xml; path = Info.plist; sourceTree = "<group>"; };
		22AE57272627A6280058D672 /* Token.swift */ = {isa = PBXFileReference; lastKnownFileType = sourcecode.swift; path = Token.swift; sourceTree = "<group>"; };
		22AE572D2627AF670058D672 /* UserViewControllerDelegate.swift */ = {isa = PBXFileReference; lastKnownFileType = sourcecode.swift; path = UserViewControllerDelegate.swift; sourceTree = "<group>"; };
		22AE574A2627BC560058D672 /* ServiceConstants.swift */ = {isa = PBXFileReference; lastKnownFileType = sourcecode.swift; path = ServiceConstants.swift; sourceTree = "<group>"; };
		22C24034262C99D20048072C /* UserViewModelTests.swift */ = {isa = PBXFileReference; lastKnownFileType = sourcecode.swift; path = UserViewModelTests.swift; sourceTree = "<group>"; };
		22C2403C262C9E1B0048072C /* LoginViewModelTests.swift */ = {isa = PBXFileReference; lastKnownFileType = sourcecode.swift; path = LoginViewModelTests.swift; sourceTree = "<group>"; };
		22CA3496262C76DC00A39E69 /* ChangeIconProtocol.swift */ = {isa = PBXFileReference; lastKnownFileType = sourcecode.swift; path = ChangeIconProtocol.swift; sourceTree = "<group>"; };
		22D118C326286937007A2F8B /* Login.swift */ = {isa = PBXFileReference; lastKnownFileType = sourcecode.swift; path = Login.swift; sourceTree = "<group>"; };
		22D118C826286AEC007A2F8B /* LoginService.swift */ = {isa = PBXFileReference; lastKnownFileType = sourcecode.swift; path = LoginService.swift; sourceTree = "<group>"; };
		22D118CD262880F8007A2F8B /* LoginViewModel.swift */ = {isa = PBXFileReference; lastKnownFileType = sourcecode.swift; path = LoginViewModel.swift; sourceTree = "<group>"; };
		22D118D326289032007A2F8B /* Utils.swift */ = {isa = PBXFileReference; lastKnownFileType = sourcecode.swift; path = Utils.swift; sourceTree = "<group>"; };
		22D118DB2628ADCB007A2F8B /* UIViewController+extensions.swift */ = {isa = PBXFileReference; lastKnownFileType = sourcecode.swift; path = "UIViewController+extensions.swift"; sourceTree = "<group>"; };
		22D118E02628B81E007A2F8B /* LoginViewControllerDelegate.swift */ = {isa = PBXFileReference; lastKnownFileType = sourcecode.swift; path = LoginViewControllerDelegate.swift; sourceTree = "<group>"; };
		22EB6E24262B20F500AF9D91 /* HighlightsVewModel.swift */ = {isa = PBXFileReference; lastKnownFileType = sourcecode.swift; path = HighlightsVewModel.swift; sourceTree = "<group>"; };
		22EB6E2C262B22EA00AF9D91 /* HighlightsViewControllerDelegate.swift */ = {isa = PBXFileReference; lastKnownFileType = sourcecode.swift; path = HighlightsViewControllerDelegate.swift; sourceTree = "<group>"; };
		22EB6E3A262B4B2300AF9D91 /* Pagination.swift */ = {isa = PBXFileReference; lastKnownFileType = sourcecode.swift; path = Pagination.swift; sourceTree = "<group>"; };
		22EB6E3F262B508F00AF9D91 /* CollectionNews.swift */ = {isa = PBXFileReference; lastKnownFileType = sourcecode.swift; path = CollectionNews.swift; sourceTree = "<group>"; };
		22EB6E44262B616700AF9D91 /* NewsTableViewCell.swift */ = {isa = PBXFileReference; lastKnownFileType = sourcecode.swift; path = NewsTableViewCell.swift; sourceTree = "<group>"; };
		22EB6E4C262B719700AF9D91 /* NewsViewModel.swift */ = {isa = PBXFileReference; lastKnownFileType = sourcecode.swift; path = NewsViewModel.swift; sourceTree = "<group>"; };
		22EB6E51262B752200AF9D91 /* NewsViewControllerDelegate.swift */ = {isa = PBXFileReference; lastKnownFileType = sourcecode.swift; path = NewsViewControllerDelegate.swift; sourceTree = "<group>"; };
		22EB6E56262B8EE200AF9D91 /* ImageDelegate.swift */ = {isa = PBXFileReference; lastKnownFileType = sourcecode.swift; path = ImageDelegate.swift; sourceTree = "<group>"; };
		22EB6E5B262B982100AF9D91 /* CellDelegate.swift */ = {isa = PBXFileReference; lastKnownFileType = sourcecode.swift; path = CellDelegate.swift; sourceTree = "<group>"; };
		3984248DF8350FFC481BA8EC /* Pods-MesaNewsTests.release.xcconfig */ = {isa = PBXFileReference; includeInIndex = 1; lastKnownFileType = text.xcconfig; name = "Pods-MesaNewsTests.release.xcconfig"; path = "Target Support Files/Pods-MesaNewsTests/Pods-MesaNewsTests.release.xcconfig"; sourceTree = "<group>"; };
		414DD46B11637B01C16E430C /* Pods-MesaNewsTests.debug.xcconfig */ = {isa = PBXFileReference; includeInIndex = 1; lastKnownFileType = text.xcconfig; name = "Pods-MesaNewsTests.debug.xcconfig"; path = "Target Support Files/Pods-MesaNewsTests/Pods-MesaNewsTests.debug.xcconfig"; sourceTree = "<group>"; };
		45CB1BE4C997900E8E66881C /* Pods_MesaNews.framework */ = {isa = PBXFileReference; explicitFileType = wrapper.framework; includeInIndex = 0; path = Pods_MesaNews.framework; sourceTree = BUILT_PRODUCTS_DIR; };
		54AD01E8E4739EF0C332F220 /* Pods_MesaNewsTests.framework */ = {isa = PBXFileReference; explicitFileType = wrapper.framework; includeInIndex = 0; path = Pods_MesaNewsTests.framework; sourceTree = BUILT_PRODUCTS_DIR; };
		5EBEF83CFA3DB603819F1A04 /* Pods-MesaNews-MesaNewsUITests.debug.xcconfig */ = {isa = PBXFileReference; includeInIndex = 1; lastKnownFileType = text.xcconfig; name = "Pods-MesaNews-MesaNewsUITests.debug.xcconfig"; path = "Target Support Files/Pods-MesaNews-MesaNewsUITests/Pods-MesaNews-MesaNewsUITests.debug.xcconfig"; sourceTree = "<group>"; };
		8CAF96747804D2339B3580A4 /* Pods-MesaNews-MesaNewsUITests.release.xcconfig */ = {isa = PBXFileReference; includeInIndex = 1; lastKnownFileType = text.xcconfig; name = "Pods-MesaNews-MesaNewsUITests.release.xcconfig"; path = "Target Support Files/Pods-MesaNews-MesaNewsUITests/Pods-MesaNews-MesaNewsUITests.release.xcconfig"; sourceTree = "<group>"; };
		C7FCEA5E6E5AD7BE129C8FB5 /* Pods_MesaNews_MesaNewsUITests.framework */ = {isa = PBXFileReference; explicitFileType = wrapper.framework; includeInIndex = 0; path = Pods_MesaNews_MesaNewsUITests.framework; sourceTree = BUILT_PRODUCTS_DIR; };
		ED244CC71F2462B0091297D9 /* Pods-MesaNews.release.xcconfig */ = {isa = PBXFileReference; includeInIndex = 1; lastKnownFileType = text.xcconfig; name = "Pods-MesaNews.release.xcconfig"; path = "Target Support Files/Pods-MesaNews/Pods-MesaNews.release.xcconfig"; sourceTree = "<group>"; };
/* End PBXFileReference section */

/* Begin PBXFrameworksBuildPhase section */
		229AD4C0262655BA006915C1 /* Frameworks */ = {
			isa = PBXFrameworksBuildPhase;
			buildActionMask = 2147483647;
			files = (
				9D794D66B50C5735D4696CEF /* Pods_MesaNews.framework in Frameworks */,
			);
			runOnlyForDeploymentPostprocessing = 0;
		};
		229AD4D6262655BB006915C1 /* Frameworks */ = {
			isa = PBXFrameworksBuildPhase;
			buildActionMask = 2147483647;
			files = (
				705626B9573BAFD679C810E6 /* Pods_MesaNewsTests.framework in Frameworks */,
			);
			runOnlyForDeploymentPostprocessing = 0;
		};
		229AD4E1262655BB006915C1 /* Frameworks */ = {
			isa = PBXFrameworksBuildPhase;
			buildActionMask = 2147483647;
			files = (
				C61E1C71E60FA4C31F8D82B8 /* Pods_MesaNews_MesaNewsUITests.framework in Frameworks */,
			);
			runOnlyForDeploymentPostprocessing = 0;
		};
/* End PBXFrameworksBuildPhase section */

/* Begin PBXGroup section */
		225929A526271A6700791DEC /* MSTextField */ = {
			isa = PBXGroup;
			children = (
				225929CD2627370200791DEC /* TextFieldConstants.swift */,
				225929C42627292A00791DEC /* model */,
				225929AF26271DE800791DEC /* Protocols */,
				225929A626271AFB00791DEC /* Views */,
			);
			path = MSTextField;
			sourceTree = "<group>";
		};
		225929A626271AFB00791DEC /* Views */ = {
			isa = PBXGroup;
			children = (
				225929A726271B3300791DEC /* MSTextField.swift */,
			);
			path = Views;
			sourceTree = "<group>";
		};
		225929AF26271DE800791DEC /* Protocols */ = {
			isa = PBXGroup;
			children = (
				225929B026271E2000791DEC /* MSTextFieldPressetProtocol.swift */,
			);
			path = Protocols;
			sourceTree = "<group>";
		};
		225929C42627292A00791DEC /* model */ = {
			isa = PBXGroup;
			children = (
				225929C52627294D00791DEC /* DefaultTextField.swift */,
			);
			path = model;
			sourceTree = "<group>";
		};
		225929E12627842300791DEC /* Services */ = {
			isa = PBXGroup;
			children = (
				225929E62627861500791DEC /* UserService.swift */,
				22AE574A2627BC560058D672 /* ServiceConstants.swift */,
				22D118C826286AEC007A2F8B /* LoginService.swift */,
				2206D6372629B1F800FB50F5 /* NewsService.swift */,
			);
			path = Services;
			sourceTree = "<group>";
		};
		229AD4BA262655BA006915C1 = {
			isa = PBXGroup;
			children = (
				229AD4C5262655BA006915C1 /* MesaNews */,
				229AD4DC262655BB006915C1 /* MesaNewsTests */,
				229AD4E7262655BB006915C1 /* MesaNewsUITests */,
				229AD4C4262655BA006915C1 /* Products */,
				67787E97182C01303DB4136A /* Pods */,
				8EECE8BF79FFC518D1F4AED3 /* Frameworks */,
			);
			sourceTree = "<group>";
		};
		229AD4C4262655BA006915C1 /* Products */ = {
			isa = PBXGroup;
			children = (
				229AD4C3262655BA006915C1 /* MesaNews.app */,
				229AD4D9262655BB006915C1 /* MesaNewsTests.xctest */,
				229AD4E4262655BB006915C1 /* MesaNewsUITests.xctest */,
			);
			name = Products;
			sourceTree = "<group>";
		};
		229AD4C5262655BA006915C1 /* MesaNews */ = {
			isa = PBXGroup;
			children = (
				225929E12627842300791DEC /* Services */,
				229AD4FB26265610006915C1 /* Components */,
				229AD4FA26265606006915C1 /* Features */,
				229AD4F9262655F9006915C1 /* Extensions */,
				229AD4C6262655BA006915C1 /* AppDelegate.swift */,
				229AD4C8262655BA006915C1 /* SceneDelegate.swift */,
				229AD4CF262655BB006915C1 /* Assets.xcassets */,
				229AD4D4262655BB006915C1 /* Info.plist */,
			);
			path = MesaNews;
			sourceTree = "<group>";
		};
		229AD4DC262655BB006915C1 /* MesaNewsTests */ = {
			isa = PBXGroup;
			children = (
				229AD4DD262655BB006915C1 /* MesaNewsTests.swift */,
				22C24034262C99D20048072C /* UserViewModelTests.swift */,
				22C2403C262C9E1B0048072C /* LoginViewModelTests.swift */,
				229AD4DF262655BB006915C1 /* Info.plist */,
			);
			path = MesaNewsTests;
			sourceTree = "<group>";
		};
		229AD4E7262655BB006915C1 /* MesaNewsUITests */ = {
			isa = PBXGroup;
			children = (
				229AD4E8262655BB006915C1 /* MesaNewsUITests.swift */,
				229AD4EA262655BB006915C1 /* Info.plist */,
			);
			path = MesaNewsUITests;
			sourceTree = "<group>";
		};
		229AD4F9262655F9006915C1 /* Extensions */ = {
			isa = PBXGroup;
			children = (
				22D118DB2628ADCB007A2F8B /* UIViewController+extensions.swift */,
			);
			path = Extensions;
			sourceTree = "<group>";
		};
		229AD4FA26265606006915C1 /* Features */ = {
			isa = PBXGroup;
			children = (
				22D118D22628901A007A2F8B /* Utils */,
				22AE572C2627AF410058D672 /* Protocols */,
				229AD4FF26265648006915C1 /* Models */,
				229AD4FE2626563E006915C1 /* ViewModels */,
				229AD4FD26265633006915C1 /* Controllers */,
				229AD4FC2626561E006915C1 /* Views */,
			);
			path = Features;
			sourceTree = "<group>";
		};
		229AD4FB26265610006915C1 /* Components */ = {
			isa = PBXGroup;
			children = (
				225929A526271A6700791DEC /* MSTextField */,
			);
			path = Components;
			sourceTree = "<group>";
		};
		229AD4FC2626561E006915C1 /* Views */ = {
			isa = PBXGroup;
			children = (
				229AD4CC262655BA006915C1 /* Main.storyboard */,
				229AD4D1262655BB006915C1 /* LaunchScreen.storyboard */,
				2206D6452629D8AA00FB50F5 /* HighlightsCollectionViewCell.swift */,
				22EB6E44262B616700AF9D91 /* NewsTableViewCell.swift */,
			);
			path = Views;
			sourceTree = "<group>";
		};
		229AD4FD26265633006915C1 /* Controllers */ = {
			isa = PBXGroup;
			children = (
				229AD4CA262655BA006915C1 /* LoginViewController.swift */,
				2259299B26270EDD00791DEC /* UserViewController.swift */,
				2206D6402629CEF400FB50F5 /* NewsViewController.swift */,
			);
			path = Controllers;
			sourceTree = "<group>";
		};
		229AD4FE2626563E006915C1 /* ViewModels */ = {
			isa = PBXGroup;
			children = (
				225929D5262745B700791DEC /* UserViewModel.swift */,
				22D118CD262880F8007A2F8B /* LoginViewModel.swift */,
				22EB6E24262B20F500AF9D91 /* HighlightsVewModel.swift */,
				22EB6E4C262B719700AF9D91 /* NewsViewModel.swift */,
			);
			path = ViewModels;
			sourceTree = "<group>";
		};
		229AD4FF26265648006915C1 /* Models */ = {
			isa = PBXGroup;
			children = (
				225929A0262714F800791DEC /* User.swift */,
				22AE57272627A6280058D672 /* Token.swift */,
				22D118C326286937007A2F8B /* Login.swift */,
				2206D64A2629E27200FB50F5 /* News.swift */,
				2206D659262A1BDC00FB50F5 /* CollectionHighlights.swift */,
				22EB6E3A262B4B2300AF9D91 /* Pagination.swift */,
				22EB6E3F262B508F00AF9D91 /* CollectionNews.swift */,
			);
			path = Models;
			sourceTree = "<group>";
		};
		22AE572C2627AF410058D672 /* Protocols */ = {
			isa = PBXGroup;
			children = (
				22AE572D2627AF670058D672 /* UserViewControllerDelegate.swift */,
				22D118E02628B81E007A2F8B /* LoginViewControllerDelegate.swift */,
				22EB6E2C262B22EA00AF9D91 /* HighlightsViewControllerDelegate.swift */,
				22EB6E51262B752200AF9D91 /* NewsViewControllerDelegate.swift */,
				22EB6E56262B8EE200AF9D91 /* ImageDelegate.swift */,
				22EB6E5B262B982100AF9D91 /* CellDelegate.swift */,
				22CA3496262C76DC00A39E69 /* ChangeIconProtocol.swift */,
			);
			path = Protocols;
			sourceTree = "<group>";
		};
		22D118D22628901A007A2F8B /* Utils */ = {
			isa = PBXGroup;
			children = (
				22D118D326289032007A2F8B /* Utils.swift */,
			);
			path = Utils;
			sourceTree = "<group>";
		};
		67787E97182C01303DB4136A /* Pods */ = {
			isa = PBXGroup;
			children = (
				22540C3AC530A71528BB5E59 /* Pods-MesaNews.debug.xcconfig */,
				ED244CC71F2462B0091297D9 /* Pods-MesaNews.release.xcconfig */,
				5EBEF83CFA3DB603819F1A04 /* Pods-MesaNews-MesaNewsUITests.debug.xcconfig */,
				8CAF96747804D2339B3580A4 /* Pods-MesaNews-MesaNewsUITests.release.xcconfig */,
				414DD46B11637B01C16E430C /* Pods-MesaNewsTests.debug.xcconfig */,
				3984248DF8350FFC481BA8EC /* Pods-MesaNewsTests.release.xcconfig */,
			);
			path = Pods;
			sourceTree = "<group>";
		};
		8EECE8BF79FFC518D1F4AED3 /* Frameworks */ = {
			isa = PBXGroup;
			children = (
				45CB1BE4C997900E8E66881C /* Pods_MesaNews.framework */,
				C7FCEA5E6E5AD7BE129C8FB5 /* Pods_MesaNews_MesaNewsUITests.framework */,
				54AD01E8E4739EF0C332F220 /* Pods_MesaNewsTests.framework */,
			);
			name = Frameworks;
			sourceTree = "<group>";
		};
/* End PBXGroup section */

/* Begin PBXNativeTarget section */
		229AD4C2262655BA006915C1 /* MesaNews */ = {
			isa = PBXNativeTarget;
			buildConfigurationList = 229AD4ED262655BB006915C1 /* Build configuration list for PBXNativeTarget "MesaNews" */;
			buildPhases = (
				38E2CC964554947471F9F888 /* [CP] Check Pods Manifest.lock */,
				229AD4BF262655BA006915C1 /* Sources */,
				229AD4C0262655BA006915C1 /* Frameworks */,
				229AD4C1262655BA006915C1 /* Resources */,
				174900AA3C6FBCF0C83D48CA /* [CP] Embed Pods Frameworks */,
			);
			buildRules = (
			);
			dependencies = (
			);
			name = MesaNews;
			productName = MesaNews;
			productReference = 229AD4C3262655BA006915C1 /* MesaNews.app */;
			productType = "com.apple.product-type.application";
		};
		229AD4D8262655BB006915C1 /* MesaNewsTests */ = {
			isa = PBXNativeTarget;
			buildConfigurationList = 229AD4F0262655BB006915C1 /* Build configuration list for PBXNativeTarget "MesaNewsTests" */;
			buildPhases = (
				6C0CB5C9910E1DBDE1EFBC01 /* [CP] Check Pods Manifest.lock */,
				229AD4D5262655BB006915C1 /* Sources */,
				229AD4D6262655BB006915C1 /* Frameworks */,
				229AD4D7262655BB006915C1 /* Resources */,
			);
			buildRules = (
			);
			dependencies = (
				229AD4DB262655BB006915C1 /* PBXTargetDependency */,
			);
			name = MesaNewsTests;
			productName = MesaNewsTests;
			productReference = 229AD4D9262655BB006915C1 /* MesaNewsTests.xctest */;
			productType = "com.apple.product-type.bundle.unit-test";
		};
		229AD4E3262655BB006915C1 /* MesaNewsUITests */ = {
			isa = PBXNativeTarget;
			buildConfigurationList = 229AD4F3262655BB006915C1 /* Build configuration list for PBXNativeTarget "MesaNewsUITests" */;
			buildPhases = (
				F9BEA09CC52A600BED07DD66 /* [CP] Check Pods Manifest.lock */,
				229AD4E0262655BB006915C1 /* Sources */,
				229AD4E1262655BB006915C1 /* Frameworks */,
				229AD4E2262655BB006915C1 /* Resources */,
				DFB81A4D1BC4F3C34FE45662 /* [CP] Embed Pods Frameworks */,
			);
			buildRules = (
			);
			dependencies = (
				229AD4E6262655BB006915C1 /* PBXTargetDependency */,
			);
			name = MesaNewsUITests;
			productName = MesaNewsUITests;
			productReference = 229AD4E4262655BB006915C1 /* MesaNewsUITests.xctest */;
			productType = "com.apple.product-type.bundle.ui-testing";
		};
/* End PBXNativeTarget section */

/* Begin PBXProject section */
		229AD4BB262655BA006915C1 /* Project object */ = {
			isa = PBXProject;
			attributes = {
				LastSwiftUpdateCheck = 1240;
				LastUpgradeCheck = 1240;
				TargetAttributes = {
					229AD4C2262655BA006915C1 = {
						CreatedOnToolsVersion = 12.4;
					};
					229AD4D8262655BB006915C1 = {
						CreatedOnToolsVersion = 12.4;
						TestTargetID = 229AD4C2262655BA006915C1;
					};
					229AD4E3262655BB006915C1 = {
						CreatedOnToolsVersion = 12.4;
						TestTargetID = 229AD4C2262655BA006915C1;
					};
				};
			};
			buildConfigurationList = 229AD4BE262655BA006915C1 /* Build configuration list for PBXProject "MesaNews" */;
			compatibilityVersion = "Xcode 9.3";
			developmentRegion = en;
			hasScannedForEncodings = 0;
			knownRegions = (
				en,
				Base,
			);
			mainGroup = 229AD4BA262655BA006915C1;
			productRefGroup = 229AD4C4262655BA006915C1 /* Products */;
			projectDirPath = "";
			projectRoot = "";
			targets = (
				229AD4C2262655BA006915C1 /* MesaNews */,
				229AD4D8262655BB006915C1 /* MesaNewsTests */,
				229AD4E3262655BB006915C1 /* MesaNewsUITests */,
			);
		};
/* End PBXProject section */

/* Begin PBXResourcesBuildPhase section */
		229AD4C1262655BA006915C1 /* Resources */ = {
			isa = PBXResourcesBuildPhase;
			buildActionMask = 2147483647;
			files = (
				229AD4D3262655BB006915C1 /* LaunchScreen.storyboard in Resources */,
				229AD4D0262655BB006915C1 /* Assets.xcassets in Resources */,
				229AD4CE262655BA006915C1 /* Main.storyboard in Resources */,
			);
			runOnlyForDeploymentPostprocessing = 0;
		};
		229AD4D7262655BB006915C1 /* Resources */ = {
			isa = PBXResourcesBuildPhase;
			buildActionMask = 2147483647;
			files = (
			);
			runOnlyForDeploymentPostprocessing = 0;
		};
		229AD4E2262655BB006915C1 /* Resources */ = {
			isa = PBXResourcesBuildPhase;
			buildActionMask = 2147483647;
			files = (
			);
			runOnlyForDeploymentPostprocessing = 0;
		};
/* End PBXResourcesBuildPhase section */

/* Begin PBXShellScriptBuildPhase section */
		174900AA3C6FBCF0C83D48CA /* [CP] Embed Pods Frameworks */ = {
			isa = PBXShellScriptBuildPhase;
			buildActionMask = 2147483647;
			files = (
			);
			inputFileListPaths = (
				"${PODS_ROOT}/Target Support Files/Pods-MesaNews/Pods-MesaNews-frameworks-${CONFIGURATION}-input-files.xcfilelist",
			);
			name = "[CP] Embed Pods Frameworks";
			outputFileListPaths = (
				"${PODS_ROOT}/Target Support Files/Pods-MesaNews/Pods-MesaNews-frameworks-${CONFIGURATION}-output-files.xcfilelist",
			);
			runOnlyForDeploymentPostprocessing = 0;
			shellPath = /bin/sh;
			shellScript = "\"${PODS_ROOT}/Target Support Files/Pods-MesaNews/Pods-MesaNews-frameworks.sh\"\n";
			showEnvVarsInLog = 0;
		};
		38E2CC964554947471F9F888 /* [CP] Check Pods Manifest.lock */ = {
			isa = PBXShellScriptBuildPhase;
			buildActionMask = 2147483647;
			files = (
			);
			inputFileListPaths = (
			);
			inputPaths = (
				"${PODS_PODFILE_DIR_PATH}/Podfile.lock",
				"${PODS_ROOT}/Manifest.lock",
			);
			name = "[CP] Check Pods Manifest.lock";
			outputFileListPaths = (
			);
			outputPaths = (
				"$(DERIVED_FILE_DIR)/Pods-MesaNews-checkManifestLockResult.txt",
			);
			runOnlyForDeploymentPostprocessing = 0;
			shellPath = /bin/sh;
			shellScript = "diff \"${PODS_PODFILE_DIR_PATH}/Podfile.lock\" \"${PODS_ROOT}/Manifest.lock\" > /dev/null\nif [ $? != 0 ] ; then\n    # print error to STDERR\n    echo \"error: The sandbox is not in sync with the Podfile.lock. Run 'pod install' or update your CocoaPods installation.\" >&2\n    exit 1\nfi\n# This output is used by Xcode 'outputs' to avoid re-running this script phase.\necho \"SUCCESS\" > \"${SCRIPT_OUTPUT_FILE_0}\"\n";
			showEnvVarsInLog = 0;
		};
		6C0CB5C9910E1DBDE1EFBC01 /* [CP] Check Pods Manifest.lock */ = {
			isa = PBXShellScriptBuildPhase;
			buildActionMask = 2147483647;
			files = (
			);
			inputFileListPaths = (
			);
			inputPaths = (
				"${PODS_PODFILE_DIR_PATH}/Podfile.lock",
				"${PODS_ROOT}/Manifest.lock",
			);
			name = "[CP] Check Pods Manifest.lock";
			outputFileListPaths = (
			);
			outputPaths = (
				"$(DERIVED_FILE_DIR)/Pods-MesaNewsTests-checkManifestLockResult.txt",
			);
			runOnlyForDeploymentPostprocessing = 0;
			shellPath = /bin/sh;
			shellScript = "diff \"${PODS_PODFILE_DIR_PATH}/Podfile.lock\" \"${PODS_ROOT}/Manifest.lock\" > /dev/null\nif [ $? != 0 ] ; then\n    # print error to STDERR\n    echo \"error: The sandbox is not in sync with the Podfile.lock. Run 'pod install' or update your CocoaPods installation.\" >&2\n    exit 1\nfi\n# This output is used by Xcode 'outputs' to avoid re-running this script phase.\necho \"SUCCESS\" > \"${SCRIPT_OUTPUT_FILE_0}\"\n";
			showEnvVarsInLog = 0;
		};
		DFB81A4D1BC4F3C34FE45662 /* [CP] Embed Pods Frameworks */ = {
			isa = PBXShellScriptBuildPhase;
			buildActionMask = 2147483647;
			files = (
			);
			inputFileListPaths = (
				"${PODS_ROOT}/Target Support Files/Pods-MesaNews-MesaNewsUITests/Pods-MesaNews-MesaNewsUITests-frameworks-${CONFIGURATION}-input-files.xcfilelist",
			);
			name = "[CP] Embed Pods Frameworks";
			outputFileListPaths = (
				"${PODS_ROOT}/Target Support Files/Pods-MesaNews-MesaNewsUITests/Pods-MesaNews-MesaNewsUITests-frameworks-${CONFIGURATION}-output-files.xcfilelist",
			);
			runOnlyForDeploymentPostprocessing = 0;
			shellPath = /bin/sh;
			shellScript = "\"${PODS_ROOT}/Target Support Files/Pods-MesaNews-MesaNewsUITests/Pods-MesaNews-MesaNewsUITests-frameworks.sh\"\n";
			showEnvVarsInLog = 0;
		};
		F9BEA09CC52A600BED07DD66 /* [CP] Check Pods Manifest.lock */ = {
			isa = PBXShellScriptBuildPhase;
			buildActionMask = 2147483647;
			files = (
			);
			inputFileListPaths = (
			);
			inputPaths = (
				"${PODS_PODFILE_DIR_PATH}/Podfile.lock",
				"${PODS_ROOT}/Manifest.lock",
			);
			name = "[CP] Check Pods Manifest.lock";
			outputFileListPaths = (
			);
			outputPaths = (
				"$(DERIVED_FILE_DIR)/Pods-MesaNews-MesaNewsUITests-checkManifestLockResult.txt",
			);
			runOnlyForDeploymentPostprocessing = 0;
			shellPath = /bin/sh;
			shellScript = "diff \"${PODS_PODFILE_DIR_PATH}/Podfile.lock\" \"${PODS_ROOT}/Manifest.lock\" > /dev/null\nif [ $? != 0 ] ; then\n    # print error to STDERR\n    echo \"error: The sandbox is not in sync with the Podfile.lock. Run 'pod install' or update your CocoaPods installation.\" >&2\n    exit 1\nfi\n# This output is used by Xcode 'outputs' to avoid re-running this script phase.\necho \"SUCCESS\" > \"${SCRIPT_OUTPUT_FILE_0}\"\n";
			showEnvVarsInLog = 0;
		};
/* End PBXShellScriptBuildPhase section */

/* Begin PBXSourcesBuildPhase section */
		229AD4BF262655BA006915C1 /* Sources */ = {
			isa = PBXSourcesBuildPhase;
			buildActionMask = 2147483647;
			files = (
				22AE572E2627AF670058D672 /* UserViewControllerDelegate.swift in Sources */,
				22D118E12628B81E007A2F8B /* LoginViewControllerDelegate.swift in Sources */,
				22EB6E45262B616700AF9D91 /* NewsTableViewCell.swift in Sources */,
				229AD4CB262655BA006915C1 /* LoginViewController.swift in Sources */,
				22EB6E52262B752200AF9D91 /* NewsViewControllerDelegate.swift in Sources */,
				2259299C26270EDD00791DEC /* UserViewController.swift in Sources */,
				229AD4C7262655BA006915C1 /* AppDelegate.swift in Sources */,
				22AE57282627A6280058D672 /* Token.swift in Sources */,
				225929D6262745B700791DEC /* UserViewModel.swift in Sources */,
				22D118C426286937007A2F8B /* Login.swift in Sources */,
				22D118C926286AEC007A2F8B /* LoginService.swift in Sources */,
				22EB6E4D262B719700AF9D91 /* NewsViewModel.swift in Sources */,
				225929A1262714F800791DEC /* User.swift in Sources */,
				2206D65A262A1BDC00FB50F5 /* CollectionHighlights.swift in Sources */,
				2206D6382629B1F800FB50F5 /* NewsService.swift in Sources */,
				225929CE2627370200791DEC /* TextFieldConstants.swift in Sources */,
				22D118CE262880F8007A2F8B /* LoginViewModel.swift in Sources */,
				22D118D426289032007A2F8B /* Utils.swift in Sources */,
				225929E72627861500791DEC /* UserService.swift in Sources */,
				2206D6412629CEF400FB50F5 /* NewsViewController.swift in Sources */,
				22EB6E3B262B4B2300AF9D91 /* Pagination.swift in Sources */,
				225929B126271E2000791DEC /* MSTextFieldPressetProtocol.swift in Sources */,
				22EB6E40262B508F00AF9D91 /* CollectionNews.swift in Sources */,
				229AD4C9262655BA006915C1 /* SceneDelegate.swift in Sources */,
				22EB6E2D262B22EA00AF9D91 /* HighlightsViewControllerDelegate.swift in Sources */,
				22EB6E25262B20F500AF9D91 /* HighlightsVewModel.swift in Sources */,
				22EB6E5C262B982100AF9D91 /* CellDelegate.swift in Sources */,
				2206D64B2629E27200FB50F5 /* News.swift in Sources */,
				22D118DC2628ADCB007A2F8B /* UIViewController+extensions.swift in Sources */,
				22EB6E57262B8EE200AF9D91 /* ImageDelegate.swift in Sources */,
				225929A826271B3300791DEC /* MSTextField.swift in Sources */,
				22CA3497262C76DC00A39E69 /* ChangeIconProtocol.swift in Sources */,
				2206D6462629D8AA00FB50F5 /* HighlightsCollectionViewCell.swift in Sources */,
				225929C62627294D00791DEC /* DefaultTextField.swift in Sources */,
				22AE574B2627BC560058D672 /* ServiceConstants.swift in Sources */,
			);
			runOnlyForDeploymentPostprocessing = 0;
		};
		229AD4D5262655BB006915C1 /* Sources */ = {
			isa = PBXSourcesBuildPhase;
			buildActionMask = 2147483647;
			files = (
				22C2403D262C9E1B0048072C /* LoginViewModelTests.swift in Sources */,
				229AD4DE262655BB006915C1 /* MesaNewsTests.swift in Sources */,
				22C24035262C99D20048072C /* UserViewModelTests.swift in Sources */,
			);
			runOnlyForDeploymentPostprocessing = 0;
		};
		229AD4E0262655BB006915C1 /* Sources */ = {
			isa = PBXSourcesBuildPhase;
			buildActionMask = 2147483647;
			files = (
				229AD4E9262655BB006915C1 /* MesaNewsUITests.swift in Sources */,
			);
			runOnlyForDeploymentPostprocessing = 0;
		};
/* End PBXSourcesBuildPhase section */

/* Begin PBXTargetDependency section */
		229AD4DB262655BB006915C1 /* PBXTargetDependency */ = {
			isa = PBXTargetDependency;
			target = 229AD4C2262655BA006915C1 /* MesaNews */;
			targetProxy = 229AD4DA262655BB006915C1 /* PBXContainerItemProxy */;
		};
		229AD4E6262655BB006915C1 /* PBXTargetDependency */ = {
			isa = PBXTargetDependency;
			target = 229AD4C2262655BA006915C1 /* MesaNews */;
			targetProxy = 229AD4E5262655BB006915C1 /* PBXContainerItemProxy */;
		};
/* End PBXTargetDependency section */

/* Begin PBXVariantGroup section */
		229AD4CC262655BA006915C1 /* Main.storyboard */ = {
			isa = PBXVariantGroup;
			children = (
				229AD4CD262655BA006915C1 /* Base */,
			);
			name = Main.storyboard;
			sourceTree = "<group>";
		};
		229AD4D1262655BB006915C1 /* LaunchScreen.storyboard */ = {
			isa = PBXVariantGroup;
			children = (
				229AD4D2262655BB006915C1 /* Base */,
			);
			name = LaunchScreen.storyboard;
			sourceTree = "<group>";
		};
/* End PBXVariantGroup section */

/* Begin XCBuildConfiguration section */
		229AD4EB262655BB006915C1 /* Debug */ = {
			isa = XCBuildConfiguration;
			buildSettings = {
				ALWAYS_SEARCH_USER_PATHS = NO;
				CLANG_ANALYZER_LOCALIZABILITY_NONLOCALIZED = YES;
				CLANG_ANALYZER_NONNULL = YES;
				CLANG_ANALYZER_NUMBER_OBJECT_CONVERSION = YES_AGGRESSIVE;
				CLANG_CXX_LANGUAGE_STANDARD = "gnu++14";
				CLANG_CXX_LIBRARY = "libc++";
				CLANG_ENABLE_MODULES = YES;
				CLANG_ENABLE_OBJC_ARC = YES;
				CLANG_ENABLE_OBJC_WEAK = YES;
				CLANG_WARN_BLOCK_CAPTURE_AUTORELEASING = YES;
				CLANG_WARN_BOOL_CONVERSION = YES;
				CLANG_WARN_COMMA = YES;
				CLANG_WARN_CONSTANT_CONVERSION = YES;
				CLANG_WARN_DEPRECATED_OBJC_IMPLEMENTATIONS = YES;
				CLANG_WARN_DIRECT_OBJC_ISA_USAGE = YES_ERROR;
				CLANG_WARN_DOCUMENTATION_COMMENTS = YES;
				CLANG_WARN_EMPTY_BODY = YES;
				CLANG_WARN_ENUM_CONVERSION = YES;
				CLANG_WARN_INFINITE_RECURSION = YES;
				CLANG_WARN_INT_CONVERSION = YES;
				CLANG_WARN_NON_LITERAL_NULL_CONVERSION = YES;
				CLANG_WARN_OBJC_IMPLICIT_RETAIN_SELF = YES;
				CLANG_WARN_OBJC_LITERAL_CONVERSION = YES;
				CLANG_WARN_OBJC_ROOT_CLASS = YES_ERROR;
				CLANG_WARN_QUOTED_INCLUDE_IN_FRAMEWORK_HEADER = YES;
				CLANG_WARN_RANGE_LOOP_ANALYSIS = YES;
				CLANG_WARN_STRICT_PROTOTYPES = YES;
				CLANG_WARN_SUSPICIOUS_MOVE = YES;
				CLANG_WARN_UNGUARDED_AVAILABILITY = YES_AGGRESSIVE;
				CLANG_WARN_UNREACHABLE_CODE = YES;
				CLANG_WARN__DUPLICATE_METHOD_MATCH = YES;
				COPY_PHASE_STRIP = NO;
				DEBUG_INFORMATION_FORMAT = dwarf;
				ENABLE_STRICT_OBJC_MSGSEND = YES;
				ENABLE_TESTABILITY = YES;
				GCC_C_LANGUAGE_STANDARD = gnu11;
				GCC_DYNAMIC_NO_PIC = NO;
				GCC_NO_COMMON_BLOCKS = YES;
				GCC_OPTIMIZATION_LEVEL = 0;
				GCC_PREPROCESSOR_DEFINITIONS = (
					"DEBUG=1",
					"$(inherited)",
				);
				GCC_WARN_64_TO_32_BIT_CONVERSION = YES;
				GCC_WARN_ABOUT_RETURN_TYPE = YES_ERROR;
				GCC_WARN_UNDECLARED_SELECTOR = YES;
				GCC_WARN_UNINITIALIZED_AUTOS = YES_AGGRESSIVE;
				GCC_WARN_UNUSED_FUNCTION = YES;
				GCC_WARN_UNUSED_VARIABLE = YES;
				IPHONEOS_DEPLOYMENT_TARGET = 14.4;
				MTL_ENABLE_DEBUG_INFO = INCLUDE_SOURCE;
				MTL_FAST_MATH = YES;
				ONLY_ACTIVE_ARCH = YES;
				SDKROOT = iphoneos;
				SWIFT_ACTIVE_COMPILATION_CONDITIONS = DEBUG;
				SWIFT_OPTIMIZATION_LEVEL = "-Onone";
			};
			name = Debug;
		};
		229AD4EC262655BB006915C1 /* Release */ = {
			isa = XCBuildConfiguration;
			buildSettings = {
				ALWAYS_SEARCH_USER_PATHS = NO;
				CLANG_ANALYZER_LOCALIZABILITY_NONLOCALIZED = YES;
				CLANG_ANALYZER_NONNULL = YES;
				CLANG_ANALYZER_NUMBER_OBJECT_CONVERSION = YES_AGGRESSIVE;
				CLANG_CXX_LANGUAGE_STANDARD = "gnu++14";
				CLANG_CXX_LIBRARY = "libc++";
				CLANG_ENABLE_MODULES = YES;
				CLANG_ENABLE_OBJC_ARC = YES;
				CLANG_ENABLE_OBJC_WEAK = YES;
				CLANG_WARN_BLOCK_CAPTURE_AUTORELEASING = YES;
				CLANG_WARN_BOOL_CONVERSION = YES;
				CLANG_WARN_COMMA = YES;
				CLANG_WARN_CONSTANT_CONVERSION = YES;
				CLANG_WARN_DEPRECATED_OBJC_IMPLEMENTATIONS = YES;
				CLANG_WARN_DIRECT_OBJC_ISA_USAGE = YES_ERROR;
				CLANG_WARN_DOCUMENTATION_COMMENTS = YES;
				CLANG_WARN_EMPTY_BODY = YES;
				CLANG_WARN_ENUM_CONVERSION = YES;
				CLANG_WARN_INFINITE_RECURSION = YES;
				CLANG_WARN_INT_CONVERSION = YES;
				CLANG_WARN_NON_LITERAL_NULL_CONVERSION = YES;
				CLANG_WARN_OBJC_IMPLICIT_RETAIN_SELF = YES;
				CLANG_WARN_OBJC_LITERAL_CONVERSION = YES;
				CLANG_WARN_OBJC_ROOT_CLASS = YES_ERROR;
				CLANG_WARN_QUOTED_INCLUDE_IN_FRAMEWORK_HEADER = YES;
				CLANG_WARN_RANGE_LOOP_ANALYSIS = YES;
				CLANG_WARN_STRICT_PROTOTYPES = YES;
				CLANG_WARN_SUSPICIOUS_MOVE = YES;
				CLANG_WARN_UNGUARDED_AVAILABILITY = YES_AGGRESSIVE;
				CLANG_WARN_UNREACHABLE_CODE = YES;
				CLANG_WARN__DUPLICATE_METHOD_MATCH = YES;
				COPY_PHASE_STRIP = NO;
				DEBUG_INFORMATION_FORMAT = "dwarf-with-dsym";
				ENABLE_NS_ASSERTIONS = NO;
				ENABLE_STRICT_OBJC_MSGSEND = YES;
				GCC_C_LANGUAGE_STANDARD = gnu11;
				GCC_NO_COMMON_BLOCKS = YES;
				GCC_WARN_64_TO_32_BIT_CONVERSION = YES;
				GCC_WARN_ABOUT_RETURN_TYPE = YES_ERROR;
				GCC_WARN_UNDECLARED_SELECTOR = YES;
				GCC_WARN_UNINITIALIZED_AUTOS = YES_AGGRESSIVE;
				GCC_WARN_UNUSED_FUNCTION = YES;
				GCC_WARN_UNUSED_VARIABLE = YES;
				IPHONEOS_DEPLOYMENT_TARGET = 14.4;
				MTL_ENABLE_DEBUG_INFO = NO;
				MTL_FAST_MATH = YES;
				SDKROOT = iphoneos;
				SWIFT_COMPILATION_MODE = wholemodule;
				SWIFT_OPTIMIZATION_LEVEL = "-O";
				VALIDATE_PRODUCT = YES;
			};
			name = Release;
		};
		229AD4EE262655BB006915C1 /* Debug */ = {
			isa = XCBuildConfiguration;
			baseConfigurationReference = 22540C3AC530A71528BB5E59 /* Pods-MesaNews.debug.xcconfig */;
			buildSettings = {
				ASSETCATALOG_COMPILER_APPICON_NAME = AppIcon;
				ASSETCATALOG_COMPILER_GLOBAL_ACCENT_COLOR_NAME = AccentColor;
				CODE_SIGN_STYLE = Automatic;
				DEVELOPMENT_TEAM = 4K4R79DB5B;
				INFOPLIST_FILE = MesaNews/Info.plist;
				LD_RUNPATH_SEARCH_PATHS = (
					"$(inherited)",
					"@executable_path/Frameworks",
				);
				PRODUCT_BUNDLE_IDENTIFIER = br.com.mauricio.MesaNews;
				PRODUCT_NAME = "$(TARGET_NAME)";
				SWIFT_VERSION = 5.0;
				TARGETED_DEVICE_FAMILY = 1;
			};
			name = Debug;
		};
		229AD4EF262655BB006915C1 /* Release */ = {
			isa = XCBuildConfiguration;
			baseConfigurationReference = ED244CC71F2462B0091297D9 /* Pods-MesaNews.release.xcconfig */;
			buildSettings = {
				ASSETCATALOG_COMPILER_APPICON_NAME = AppIcon;
				ASSETCATALOG_COMPILER_GLOBAL_ACCENT_COLOR_NAME = AccentColor;
				CODE_SIGN_STYLE = Automatic;
				DEVELOPMENT_TEAM = 4K4R79DB5B;
				INFOPLIST_FILE = MesaNews/Info.plist;
				LD_RUNPATH_SEARCH_PATHS = (
					"$(inherited)",
					"@executable_path/Frameworks",
				);
				PRODUCT_BUNDLE_IDENTIFIER = br.com.mauricio.MesaNews;
				PRODUCT_NAME = "$(TARGET_NAME)";
				SWIFT_VERSION = 5.0;
				TARGETED_DEVICE_FAMILY = 1;
			};
			name = Release;
		};
		229AD4F1262655BB006915C1 /* Debug */ = {
			isa = XCBuildConfiguration;
			baseConfigurationReference = 414DD46B11637B01C16E430C /* Pods-MesaNewsTests.debug.xcconfig */;
			buildSettings = {
				ALWAYS_EMBED_SWIFT_STANDARD_LIBRARIES = YES;
				BUNDLE_LOADER = "$(TEST_HOST)";
				CODE_SIGN_STYLE = Automatic;
				DEVELOPMENT_TEAM = 4K4R79DB5B;
				INFOPLIST_FILE = MesaNewsTests/Info.plist;
				IPHONEOS_DEPLOYMENT_TARGET = 14.4;
				LD_RUNPATH_SEARCH_PATHS = (
					"$(inherited)",
					"@executable_path/Frameworks",
					"@loader_path/Frameworks",
				);
				PRODUCT_BUNDLE_IDENTIFIER = br.com.mauricio.MesaNewsTests;
				PRODUCT_NAME = "$(TARGET_NAME)";
				SWIFT_VERSION = 5.0;
				TARGETED_DEVICE_FAMILY = "1,2";
				TEST_HOST = "$(BUILT_PRODUCTS_DIR)/MesaNews.app/MesaNews";
			};
			name = Debug;
		};
		229AD4F2262655BB006915C1 /* Release */ = {
			isa = XCBuildConfiguration;
			baseConfigurationReference = 3984248DF8350FFC481BA8EC /* Pods-MesaNewsTests.release.xcconfig */;
			buildSettings = {
				ALWAYS_EMBED_SWIFT_STANDARD_LIBRARIES = YES;
				BUNDLE_LOADER = "$(TEST_HOST)";
				CODE_SIGN_STYLE = Automatic;
				DEVELOPMENT_TEAM = 4K4R79DB5B;
				INFOPLIST_FILE = MesaNewsTests/Info.plist;
				IPHONEOS_DEPLOYMENT_TARGET = 14.4;
				LD_RUNPATH_SEARCH_PATHS = (
					"$(inherited)",
					"@executable_path/Frameworks",
					"@loader_path/Frameworks",
				);
				PRODUCT_BUNDLE_IDENTIFIER = br.com.mauricio.MesaNewsTests;
				PRODUCT_NAME = "$(TARGET_NAME)";
				SWIFT_VERSION = 5.0;
				TARGETED_DEVICE_FAMILY = "1,2";
				TEST_HOST = "$(BUILT_PRODUCTS_DIR)/MesaNews.app/MesaNews";
			};
			name = Release;
		};
		229AD4F4262655BB006915C1 /* Debug */ = {
			isa = XCBuildConfiguration;
			baseConfigurationReference = 5EBEF83CFA3DB603819F1A04 /* Pods-MesaNews-MesaNewsUITests.debug.xcconfig */;
			buildSettings = {
				ALWAYS_EMBED_SWIFT_STANDARD_LIBRARIES = YES;
				CODE_SIGN_STYLE = Automatic;
				DEVELOPMENT_TEAM = 4K4R79DB5B;
				INFOPLIST_FILE = MesaNewsUITests/Info.plist;
				LD_RUNPATH_SEARCH_PATHS = (
					"$(inherited)",
					"@executable_path/Frameworks",
					"@loader_path/Frameworks",
				);
				PRODUCT_BUNDLE_IDENTIFIER = br.com.mauricio.MesaNewsUITests;
				PRODUCT_NAME = "$(TARGET_NAME)";
				SWIFT_VERSION = 5.0;
				TARGETED_DEVICE_FAMILY = "1,2";
				TEST_TARGET_NAME = MesaNews;
			};
			name = Debug;
		};
		229AD4F5262655BB006915C1 /* Release */ = {
			isa = XCBuildConfiguration;
			baseConfigurationReference = 8CAF96747804D2339B3580A4 /* Pods-MesaNews-MesaNewsUITests.release.xcconfig */;
			buildSettings = {
				ALWAYS_EMBED_SWIFT_STANDARD_LIBRARIES = YES;
				CODE_SIGN_STYLE = Automatic;
				DEVELOPMENT_TEAM = 4K4R79DB5B;
				INFOPLIST_FILE = MesaNewsUITests/Info.plist;
				LD_RUNPATH_SEARCH_PATHS = (
					"$(inherited)",
					"@executable_path/Frameworks",
					"@loader_path/Frameworks",
				);
				PRODUCT_BUNDLE_IDENTIFIER = br.com.mauricio.MesaNewsUITests;
				PRODUCT_NAME = "$(TARGET_NAME)";
				SWIFT_VERSION = 5.0;
				TARGETED_DEVICE_FAMILY = "1,2";
				TEST_TARGET_NAME = MesaNews;
			};
			name = Release;
		};
/* End XCBuildConfiguration section */

/* Begin XCConfigurationList section */
		229AD4BE262655BA006915C1 /* Build configuration list for PBXProject "MesaNews" */ = {
			isa = XCConfigurationList;
			buildConfigurations = (
				229AD4EB262655BB006915C1 /* Debug */,
				229AD4EC262655BB006915C1 /* Release */,
			);
			defaultConfigurationIsVisible = 0;
			defaultConfigurationName = Release;
		};
		229AD4ED262655BB006915C1 /* Build configuration list for PBXNativeTarget "MesaNews" */ = {
			isa = XCConfigurationList;
			buildConfigurations = (
				229AD4EE262655BB006915C1 /* Debug */,
				229AD4EF262655BB006915C1 /* Release */,
			);
			defaultConfigurationIsVisible = 0;
			defaultConfigurationName = Release;
		};
		229AD4F0262655BB006915C1 /* Build configuration list for PBXNativeTarget "MesaNewsTests" */ = {
			isa = XCConfigurationList;
			buildConfigurations = (
				229AD4F1262655BB006915C1 /* Debug */,
				229AD4F2262655BB006915C1 /* Release */,
			);
			defaultConfigurationIsVisible = 0;
			defaultConfigurationName = Release;
		};
		229AD4F3262655BB006915C1 /* Build configuration list for PBXNativeTarget "MesaNewsUITests" */ = {
			isa = XCConfigurationList;
			buildConfigurations = (
				229AD4F4262655BB006915C1 /* Debug */,
				229AD4F5262655BB006915C1 /* Release */,
			);
			defaultConfigurationIsVisible = 0;
			defaultConfigurationName = Release;
		};
/* End XCConfigurationList section */
	};
	rootObject = 229AD4BB262655BA006915C1 /* Project object */;
}
